// !$*UTF8*$!
{
	archiveVersion = 1;
	classes = {
	};
	objectVersion = 46;
	objects = {

/* Begin PBXBuildFile section */
		D3682F6A16A50E7200B60B57 /* claim_beans_btn.png in Resources */ = {isa = PBXBuildFile; fileRef = D3682F6216A50E7200B60B57 /* claim_beans_btn.png */; };
		D3682F6B16A50E7200B60B57 /* claim_beans_btn@2x.png in Resources */ = {isa = PBXBuildFile; fileRef = D3682F6316A50E7200B60B57 /* claim_beans_btn@2x.png */; };
		D3682F6C16A50E7200B60B57 /* claim_bg.png in Resources */ = {isa = PBXBuildFile; fileRef = D3682F6416A50E7200B60B57 /* claim_bg.png */; };
		D3682F6D16A50E7200B60B57 /* claim_bg@2x.png in Resources */ = {isa = PBXBuildFile; fileRef = D3682F6516A50E7200B60B57 /* claim_bg@2x.png */; };
		D3682F6E16A50E7200B60B57 /* my_beans_btn.png in Resources */ = {isa = PBXBuildFile; fileRef = D3682F6616A50E7200B60B57 /* my_beans_btn.png */; };
		D3682F6F16A50E7200B60B57 /* my_beans_btn@2x.png in Resources */ = {isa = PBXBuildFile; fileRef = D3682F6716A50E7200B60B57 /* my_beans_btn@2x.png */; };
		D3682F7016A50E7200B60B57 /* token_input.png in Resources */ = {isa = PBXBuildFile; fileRef = D3682F6816A50E7200B60B57 /* token_input.png */; };
		D3682F7116A50E7200B60B57 /* token_input@2x.png in Resources */ = {isa = PBXBuildFile; fileRef = D3682F6916A50E7200B60B57 /* token_input@2x.png */; };
		D3682F7516A50FE700B60B57 /* ClaimBeansViewController.m in Sources */ = {isa = PBXBuildFile; fileRef = D3682F7416A50FE700B60B57 /* ClaimBeansViewController.m */; };
		D399FEB616A3BCCF00065F17 /* UIKit.framework in Frameworks */ = {isa = PBXBuildFile; fileRef = D399FEB516A3BCCF00065F17 /* UIKit.framework */; };
		D399FEB816A3BCCF00065F17 /* Foundation.framework in Frameworks */ = {isa = PBXBuildFile; fileRef = D399FEB716A3BCCF00065F17 /* Foundation.framework */; };
		D399FEBA16A3BCCF00065F17 /* CoreGraphics.framework in Frameworks */ = {isa = PBXBuildFile; fileRef = D399FEB916A3BCCF00065F17 /* CoreGraphics.framework */; };
		D399FEC016A3BCCF00065F17 /* InfoPlist.strings in Resources */ = {isa = PBXBuildFile; fileRef = D399FEBE16A3BCCF00065F17 /* InfoPlist.strings */; };
		D399FEC216A3BCCF00065F17 /* main.m in Sources */ = {isa = PBXBuildFile; fileRef = D399FEC116A3BCCF00065F17 /* main.m */; };
		D399FEC616A3BCCF00065F17 /* AppDelegate.m in Sources */ = {isa = PBXBuildFile; fileRef = D399FEC516A3BCCF00065F17 /* AppDelegate.m */; };
		D399FEC816A3BCCF00065F17 /* Default.png in Resources */ = {isa = PBXBuildFile; fileRef = D399FEC716A3BCCF00065F17 /* Default.png */; };
		D399FECA16A3BCCF00065F17 /* Default@2x.png in Resources */ = {isa = PBXBuildFile; fileRef = D399FEC916A3BCCF00065F17 /* Default@2x.png */; };
		D399FECC16A3BCCF00065F17 /* Default-568h@2x.png in Resources */ = {isa = PBXBuildFile; fileRef = D399FECB16A3BCCF00065F17 /* Default-568h@2x.png */; };
		D399FECF16A3BCCF00065F17 /* MainStoryboard_iPhone.storyboard in Resources */ = {isa = PBXBuildFile; fileRef = D399FECD16A3BCCF00065F17 /* MainStoryboard_iPhone.storyboard */; };
		D399FED216A3BCCF00065F17 /* MainStoryboard_iPad.storyboard in Resources */ = {isa = PBXBuildFile; fileRef = D399FED016A3BCCF00065F17 /* MainStoryboard_iPad.storyboard */; };
		D399FED516A3BCCF00065F17 /* ViewController.m in Sources */ = {isa = PBXBuildFile; fileRef = D399FED416A3BCCF00065F17 /* ViewController.m */; };
		D399FEE316A3CB1400065F17 /* play_beans_btn.png in Resources */ = {isa = PBXBuildFile; fileRef = D399FEE116A3CB1400065F17 /* play_beans_btn.png */; };
		D399FEE416A3CB1400065F17 /* play_beans_btn@2x.png in Resources */ = {isa = PBXBuildFile; fileRef = D399FEE216A3CB1400065F17 /* play_beans_btn@2x.png */; };
		D399FEEE16A3E84900065F17 /* cash_btn@2x.png in Resources */ = {isa = PBXBuildFile; fileRef = D399FEE616A3E84900065F17 /* cash_btn@2x.png */; };
		D399FEF116A3E84900065F17 /* hustle_btn.png in Resources */ = {isa = PBXBuildFile; fileRef = D399FEE916A3E84900065F17 /* hustle_btn.png */; };
		D399FEF216A3E84900065F17 /* hustle_btn@2x.png in Resources */ = {isa = PBXBuildFile; fileRef = D399FEEA16A3E84900065F17 /* hustle_btn@2x.png */; };
		D399FEF316A3E84900065F17 /* join_btn.png in Resources */ = {isa = PBXBuildFile; fileRef = D399FEEB16A3E84900065F17 /* join_btn.png */; };
		D399FEF416A3E84900065F17 /* join_btn@2x.png in Resources */ = {isa = PBXBuildFile; fileRef = D399FEEC16A3E84900065F17 /* join_btn@2x.png */; };
		D399FF0716A3F59A00065F17 /* home_pattern.png in Resources */ = {isa = PBXBuildFile; fileRef = D399FF0516A3F59A00065F17 /* home_pattern.png */; };
		D399FF0816A3F59A00065F17 /* home_pattern@2x.png in Resources */ = {isa = PBXBuildFile; fileRef = D399FF0616A3F59A00065F17 /* home_pattern@2x.png */; };
		D399FF0A16A3FBFC00065F17 /* cash_btn.png in Resources */ = {isa = PBXBuildFile; fileRef = D399FF0916A3FBFC00065F17 /* cash_btn.png */; };
/* End PBXBuildFile section */

/* Begin PBXFileReference section */
		D3682F6216A50E7200B60B57 /* claim_beans_btn.png */ = {isa = PBXFileReference; lastKnownFileType = image.png; path = claim_beans_btn.png; sourceTree = "<group>"; };
		D3682F6316A50E7200B60B57 /* claim_beans_btn@2x.png */ = {isa = PBXFileReference; lastKnownFileType = image.png; path = "claim_beans_btn@2x.png"; sourceTree = "<group>"; };
		D3682F6416A50E7200B60B57 /* claim_bg.png */ = {isa = PBXFileReference; lastKnownFileType = image.png; path = claim_bg.png; sourceTree = "<group>"; };
		D3682F6516A50E7200B60B57 /* claim_bg@2x.png */ = {isa = PBXFileReference; lastKnownFileType = image.png; path = "claim_bg@2x.png"; sourceTree = "<group>"; };
		D3682F6616A50E7200B60B57 /* my_beans_btn.png */ = {isa = PBXFileReference; lastKnownFileType = image.png; path = my_beans_btn.png; sourceTree = "<group>"; };
		D3682F6716A50E7200B60B57 /* my_beans_btn@2x.png */ = {isa = PBXFileReference; lastKnownFileType = image.png; path = "my_beans_btn@2x.png"; sourceTree = "<group>"; };
		D3682F6816A50E7200B60B57 /* token_input.png */ = {isa = PBXFileReference; lastKnownFileType = image.png; path = token_input.png; sourceTree = "<group>"; };
		D3682F6916A50E7200B60B57 /* token_input@2x.png */ = {isa = PBXFileReference; lastKnownFileType = image.png; path = "token_input@2x.png"; sourceTree = "<group>"; };
		D3682F7316A50FE700B60B57 /* ClaimBeansViewController.h */ = {isa = PBXFileReference; fileEncoding = 4; lastKnownFileType = sourcecode.c.h; path = ClaimBeansViewController.h; sourceTree = "<group>"; };
		D3682F7416A50FE700B60B57 /* ClaimBeansViewController.m */ = {isa = PBXFileReference; fileEncoding = 4; lastKnownFileType = sourcecode.c.objc; path = ClaimBeansViewController.m; sourceTree = "<group>"; };
		D399FEB116A3BCCF00065F17 /* ConsumerGB.app */ = {isa = PBXFileReference; explicitFileType = wrapper.application; includeInIndex = 0; path = ConsumerGB.app; sourceTree = BUILT_PRODUCTS_DIR; };
		D399FEB516A3BCCF00065F17 /* UIKit.framework */ = {isa = PBXFileReference; lastKnownFileType = wrapper.framework; name = UIKit.framework; path = System/Library/Frameworks/UIKit.framework; sourceTree = SDKROOT; };
		D399FEB716A3BCCF00065F17 /* Foundation.framework */ = {isa = PBXFileReference; lastKnownFileType = wrapper.framework; name = Foundation.framework; path = System/Library/Frameworks/Foundation.framework; sourceTree = SDKROOT; };
		D399FEB916A3BCCF00065F17 /* CoreGraphics.framework */ = {isa = PBXFileReference; lastKnownFileType = wrapper.framework; name = CoreGraphics.framework; path = System/Library/Frameworks/CoreGraphics.framework; sourceTree = SDKROOT; };
		D399FEBD16A3BCCF00065F17 /* ConsumerGB-Info.plist */ = {isa = PBXFileReference; lastKnownFileType = text.plist.xml; path = "ConsumerGB-Info.plist"; sourceTree = "<group>"; };
		D399FEBF16A3BCCF00065F17 /* en */ = {isa = PBXFileReference; lastKnownFileType = text.plist.strings; name = en; path = en.lproj/InfoPlist.strings; sourceTree = "<group>"; };
		D399FEC116A3BCCF00065F17 /* main.m */ = {isa = PBXFileReference; lastKnownFileType = sourcecode.c.objc; path = main.m; sourceTree = "<group>"; };
		D399FEC316A3BCCF00065F17 /* ConsumerGB-Prefix.pch */ = {isa = PBXFileReference; lastKnownFileType = sourcecode.c.h; path = "ConsumerGB-Prefix.pch"; sourceTree = "<group>"; };
		D399FEC416A3BCCF00065F17 /* AppDelegate.h */ = {isa = PBXFileReference; lastKnownFileType = sourcecode.c.h; path = AppDelegate.h; sourceTree = "<group>"; };
		D399FEC516A3BCCF00065F17 /* AppDelegate.m */ = {isa = PBXFileReference; lastKnownFileType = sourcecode.c.objc; path = AppDelegate.m; sourceTree = "<group>"; };
		D399FEC716A3BCCF00065F17 /* Default.png */ = {isa = PBXFileReference; lastKnownFileType = image.png; path = Default.png; sourceTree = "<group>"; };
		D399FEC916A3BCCF00065F17 /* Default@2x.png */ = {isa = PBXFileReference; lastKnownFileType = image.png; path = "Default@2x.png"; sourceTree = "<group>"; };
		D399FECB16A3BCCF00065F17 /* Default-568h@2x.png */ = {isa = PBXFileReference; lastKnownFileType = image.png; path = "Default-568h@2x.png"; sourceTree = "<group>"; };
		D399FECE16A3BCCF00065F17 /* en */ = {isa = PBXFileReference; lastKnownFileType = file.storyboard; name = en; path = en.lproj/MainStoryboard_iPhone.storyboard; sourceTree = "<group>"; };
		D399FED116A3BCCF00065F17 /* en */ = {isa = PBXFileReference; lastKnownFileType = file.storyboard; name = en; path = en.lproj/MainStoryboard_iPad.storyboard; sourceTree = "<group>"; };
		D399FED316A3BCCF00065F17 /* ViewController.h */ = {isa = PBXFileReference; lastKnownFileType = sourcecode.c.h; path = ViewController.h; sourceTree = "<group>"; };
		D399FED416A3BCCF00065F17 /* ViewController.m */ = {isa = PBXFileReference; lastKnownFileType = sourcecode.c.objc; path = ViewController.m; sourceTree = "<group>"; };
		D399FEE116A3CB1400065F17 /* play_beans_btn.png */ = {isa = PBXFileReference; lastKnownFileType = image.png; path = play_beans_btn.png; sourceTree = "<group>"; };
		D399FEE216A3CB1400065F17 /* play_beans_btn@2x.png */ = {isa = PBXFileReference; lastKnownFileType = image.png; path = "play_beans_btn@2x.png"; sourceTree = "<group>"; };
		D399FEE616A3E84900065F17 /* cash_btn@2x.png */ = {isa = PBXFileReference; lastKnownFileType = image.png; path = "cash_btn@2x.png"; sourceTree = "<group>"; };
		D399FEE916A3E84900065F17 /* hustle_btn.png */ = {isa = PBXFileReference; lastKnownFileType = image.png; path = hustle_btn.png; sourceTree = "<group>"; };
		D399FEEA16A3E84900065F17 /* hustle_btn@2x.png */ = {isa = PBXFileReference; lastKnownFileType = image.png; path = "hustle_btn@2x.png"; sourceTree = "<group>"; };
		D399FEEB16A3E84900065F17 /* join_btn.png */ = {isa = PBXFileReference; lastKnownFileType = image.png; path = join_btn.png; sourceTree = "<group>"; };
		D399FEEC16A3E84900065F17 /* join_btn@2x.png */ = {isa = PBXFileReference; lastKnownFileType = image.png; path = "join_btn@2x.png"; sourceTree = "<group>"; };
		D399FF0516A3F59A00065F17 /* home_pattern.png */ = {isa = PBXFileReference; lastKnownFileType = image.png; path = home_pattern.png; sourceTree = "<group>"; };
		D399FF0616A3F59A00065F17 /* home_pattern@2x.png */ = {isa = PBXFileReference; lastKnownFileType = image.png; path = "home_pattern@2x.png"; sourceTree = "<group>"; };
		D399FF0916A3FBFC00065F17 /* cash_btn.png */ = {isa = PBXFileReference; lastKnownFileType = image.png; path = cash_btn.png; sourceTree = "<group>"; };
/* End PBXFileReference section */

/* Begin PBXFrameworksBuildPhase section */
		D399FEAE16A3BCCF00065F17 /* Frameworks */ = {
			isa = PBXFrameworksBuildPhase;
			buildActionMask = 2147483647;
			files = (
				D399FEB616A3BCCF00065F17 /* UIKit.framework in Frameworks */,
				D399FEB816A3BCCF00065F17 /* Foundation.framework in Frameworks */,
				D399FEBA16A3BCCF00065F17 /* CoreGraphics.framework in Frameworks */,
			);
			runOnlyForDeploymentPostprocessing = 0;
		};
/* End PBXFrameworksBuildPhase section */

/* Begin PBXGroup section */
		D3682F6116A50E7200B60B57 /* claimbeans */ = {
			isa = PBXGroup;
			children = (
				D3682F6216A50E7200B60B57 /* claim_beans_btn.png */,
				D3682F6316A50E7200B60B57 /* claim_beans_btn@2x.png */,
				D3682F6416A50E7200B60B57 /* claim_bg.png */,
				D3682F6516A50E7200B60B57 /* claim_bg@2x.png */,
				D3682F6616A50E7200B60B57 /* my_beans_btn.png */,
				D3682F6716A50E7200B60B57 /* my_beans_btn@2x.png */,
				D3682F6816A50E7200B60B57 /* token_input.png */,
				D3682F6916A50E7200B60B57 /* token_input@2x.png */,
			);
			path = claimbeans;
			sourceTree = "<group>";
		};
		D399FEA616A3BCCF00065F17 = {
			isa = PBXGroup;
			children = (
				D399FEBB16A3BCCF00065F17 /* ConsumerGB */,
				D399FEB416A3BCCF00065F17 /* Frameworks */,
				D399FEB216A3BCCF00065F17 /* Products */,
			);
			sourceTree = "<group>";
		};
		D399FEB216A3BCCF00065F17 /* Products */ = {
			isa = PBXGroup;
			children = (
				D399FEB116A3BCCF00065F17 /* ConsumerGB.app */,
			);
			name = Products;
			sourceTree = "<group>";
		};
		D399FEB416A3BCCF00065F17 /* Frameworks */ = {
			isa = PBXGroup;
			children = (
				D399FEB516A3BCCF00065F17 /* UIKit.framework */,
				D399FEB716A3BCCF00065F17 /* Foundation.framework */,
				D399FEB916A3BCCF00065F17 /* CoreGraphics.framework */,
			);
			name = Frameworks;
			sourceTree = "<group>";
		};
		D399FEBB16A3BCCF00065F17 /* ConsumerGB */ = {
			isa = PBXGroup;
			children = (
				D399FEC416A3BCCF00065F17 /* AppDelegate.h */,
				D399FEC516A3BCCF00065F17 /* AppDelegate.m */,
				D399FECD16A3BCCF00065F17 /* MainStoryboard_iPhone.storyboard */,
				D399FED016A3BCCF00065F17 /* MainStoryboard_iPad.storyboard */,
				D399FED316A3BCCF00065F17 /* ViewController.h */,
				D399FED416A3BCCF00065F17 /* ViewController.m */,
				D3682F7316A50FE700B60B57 /* ClaimBeansViewController.h */,
				D3682F7416A50FE700B60B57 /* ClaimBeansViewController.m */,
				D399FEDB16A3C76800065F17 /* Resources */,
				D399FEBC16A3BCCF00065F17 /* Supporting Files */,
			);
			path = ConsumerGB;
			sourceTree = "<group>";
		};
		D399FEBC16A3BCCF00065F17 /* Supporting Files */ = {
			isa = PBXGroup;
			children = (
				D399FEBD16A3BCCF00065F17 /* ConsumerGB-Info.plist */,
				D399FEBE16A3BCCF00065F17 /* InfoPlist.strings */,
				D399FEC116A3BCCF00065F17 /* main.m */,
				D399FEC316A3BCCF00065F17 /* ConsumerGB-Prefix.pch */,
				D399FEC716A3BCCF00065F17 /* Default.png */,
				D399FEC916A3BCCF00065F17 /* Default@2x.png */,
				D399FECB16A3BCCF00065F17 /* Default-568h@2x.png */,
			);
			name = "Supporting Files";
			sourceTree = "<group>";
		};
		D399FEDB16A3C76800065F17 /* Resources */ = {
			isa = PBXGroup;
			children = (
				D3682F6116A50E7200B60B57 /* claimbeans */,
				D399FEDC16A3C91D00065F17 /* splashexplainer */,
			);
			name = Resources;
			sourceTree = "<group>";
		};
		D399FEDC16A3C91D00065F17 /* splashexplainer */ = {
			isa = PBXGroup;
			children = (
				D399FF0516A3F59A00065F17 /* home_pattern.png */,
				D399FF0616A3F59A00065F17 /* home_pattern@2x.png */,
				D399FF0916A3FBFC00065F17 /* cash_btn.png */,
				D399FEE616A3E84900065F17 /* cash_btn@2x.png */,
				D399FEE916A3E84900065F17 /* hustle_btn.png */,
				D399FEEA16A3E84900065F17 /* hustle_btn@2x.png */,
				D399FEEB16A3E84900065F17 /* join_btn.png */,
				D399FEEC16A3E84900065F17 /* join_btn@2x.png */,
				D399FEE116A3CB1400065F17 /* play_beans_btn.png */,
				D399FEE216A3CB1400065F17 /* play_beans_btn@2x.png */,
			);
			path = splashexplainer;
			sourceTree = "<group>";
		};
/* End PBXGroup section */

/* Begin PBXNativeTarget section */
		D399FEB016A3BCCF00065F17 /* ConsumerGB */ = {
			isa = PBXNativeTarget;
			buildConfigurationList = D399FED816A3BCCF00065F17 /* Build configuration list for PBXNativeTarget "ConsumerGB" */;
			buildPhases = (
				D399FEAD16A3BCCF00065F17 /* Sources */,
				D399FEAE16A3BCCF00065F17 /* Frameworks */,
				D399FEAF16A3BCCF00065F17 /* Resources */,
			);
			buildRules = (
			);
			dependencies = (
			);
			name = ConsumerGB;
			productName = ConsumerGB;
			productReference = D399FEB116A3BCCF00065F17 /* ConsumerGB.app */;
			productType = "com.apple.product-type.application";
		};
/* End PBXNativeTarget section */

/* Begin PBXProject section */
		D399FEA816A3BCCF00065F17 /* Project object */ = {
			isa = PBXProject;
			attributes = {
				LastUpgradeCheck = 0450;
				ORGANIZATIONNAME = GreenBeans;
			};
			buildConfigurationList = D399FEAB16A3BCCF00065F17 /* Build configuration list for PBXProject "ConsumerGB" */;
			compatibilityVersion = "Xcode 3.2";
			developmentRegion = English;
			hasScannedForEncodings = 0;
			knownRegions = (
				en,
			);
			mainGroup = D399FEA616A3BCCF00065F17;
			productRefGroup = D399FEB216A3BCCF00065F17 /* Products */;
			projectDirPath = "";
			projectRoot = "";
			targets = (
				D399FEB016A3BCCF00065F17 /* ConsumerGB */,
			);
		};
/* End PBXProject section */

/* Begin PBXResourcesBuildPhase section */
		D399FEAF16A3BCCF00065F17 /* Resources */ = {
			isa = PBXResourcesBuildPhase;
			buildActionMask = 2147483647;
			files = (
				D399FEC016A3BCCF00065F17 /* InfoPlist.strings in Resources */,
				D399FEC816A3BCCF00065F17 /* Default.png in Resources */,
				D399FECA16A3BCCF00065F17 /* Default@2x.png in Resources */,
				D399FECC16A3BCCF00065F17 /* Default-568h@2x.png in Resources */,
				D399FECF16A3BCCF00065F17 /* MainStoryboard_iPhone.storyboard in Resources */,
				D399FED216A3BCCF00065F17 /* MainStoryboard_iPad.storyboard in Resources */,
				D399FEE316A3CB1400065F17 /* play_beans_btn.png in Resources */,
				D399FEE416A3CB1400065F17 /* play_beans_btn@2x.png in Resources */,
				D399FEEE16A3E84900065F17 /* cash_btn@2x.png in Resources */,
				D399FEF116A3E84900065F17 /* hustle_btn.png in Resources */,
				D399FEF216A3E84900065F17 /* hustle_btn@2x.png in Resources */,
				D399FEF316A3E84900065F17 /* join_btn.png in Resources */,
				D399FEF416A3E84900065F17 /* join_btn@2x.png in Resources */,
				D399FF0716A3F59A00065F17 /* home_pattern.png in Resources */,
				D399FF0816A3F59A00065F17 /* home_pattern@2x.png in Resources */,
				D399FF0A16A3FBFC00065F17 /* cash_btn.png in Resources */,
				D3682F6A16A50E7200B60B57 /* claim_beans_btn.png in Resources */,
				D3682F6B16A50E7200B60B57 /* claim_beans_btn@2x.png in Resources */,
				D3682F6C16A50E7200B60B57 /* claim_bg.png in Resources */,
				D3682F6D16A50E7200B60B57 /* claim_bg@2x.png in Resources */,
				D3682F6E16A50E7200B60B57 /* my_beans_btn.png in Resources */,
				D3682F6F16A50E7200B60B57 /* my_beans_btn@2x.png in Resources */,
				D3682F7016A50E7200B60B57 /* token_input.png in Resources */,
				D3682F7116A50E7200B60B57 /* token_input@2x.png in Resources */,
			);
			runOnlyForDeploymentPostprocessing = 0;
		};
/* End PBXResourcesBuildPhase section */

/* Begin PBXSourcesBuildPhase section */
		D399FEAD16A3BCCF00065F17 /* Sources */ = {
			isa = PBXSourcesBuildPhase;
			buildActionMask = 2147483647;
			files = (
				D399FEC216A3BCCF00065F17 /* main.m in Sources */,
				D399FEC616A3BCCF00065F17 /* AppDelegate.m in Sources */,
				D399FED516A3BCCF00065F17 /* ViewController.m in Sources */,
				D3682F7516A50FE700B60B57 /* ClaimBeansViewController.m in Sources */,
			);
			runOnlyForDeploymentPostprocessing = 0;
		};
/* End PBXSourcesBuildPhase section */

/* Begin PBXVariantGroup section */
		D399FEBE16A3BCCF00065F17 /* InfoPlist.strings */ = {
			isa = PBXVariantGroup;
			children = (
				D399FEBF16A3BCCF00065F17 /* en */,
			);
			name = InfoPlist.strings;
			sourceTree = "<group>";
		};
		D399FECD16A3BCCF00065F17 /* MainStoryboard_iPhone.storyboard */ = {
			isa = PBXVariantGroup;
			children = (
				D399FECE16A3BCCF00065F17 /* en */,
			);
			name = MainStoryboard_iPhone.storyboard;
			sourceTree = "<group>";
		};
		D399FED016A3BCCF00065F17 /* MainStoryboard_iPad.storyboard */ = {
			isa = PBXVariantGroup;
			children = (
				D399FED116A3BCCF00065F17 /* en */,
			);
			name = MainStoryboard_iPad.storyboard;
			sourceTree = "<group>";
		};
/* End PBXVariantGroup section */

/* Begin XCBuildConfiguration section */
		D399FED616A3BCCF00065F17 /* Debug */ = {
			isa = XCBuildConfiguration;
			buildSettings = {
				ALWAYS_SEARCH_USER_PATHS = NO;
				CLANG_CXX_LANGUAGE_STANDARD = "gnu++0x";
				CLANG_CXX_LIBRARY = "libc++";
				CLANG_ENABLE_OBJC_ARC = YES;
				CLANG_WARN_EMPTY_BODY = YES;
				CLANG_WARN__DUPLICATE_METHOD_MATCH = YES;
				"CODE_SIGN_IDENTITY[sdk=iphoneos*]" = "iPhone Developer";
				COPY_PHASE_STRIP = NO;
				GCC_C_LANGUAGE_STANDARD = gnu99;
				GCC_DYNAMIC_NO_PIC = NO;
				GCC_OPTIMIZATION_LEVEL = 0;
				GCC_PREPROCESSOR_DEFINITIONS = (
					"DEBUG=1",
					"$(inherited)",
				);
				GCC_SYMBOLS_PRIVATE_EXTERN = NO;
				GCC_WARN_ABOUT_RETURN_TYPE = YES;
				GCC_WARN_UNINITIALIZED_AUTOS = YES;
				GCC_WARN_UNUSED_VARIABLE = YES;
				IPHONEOS_DEPLOYMENT_TARGET = 6.0;
				ONLY_ACTIVE_ARCH = YES;
				SDKROOT = iphoneos;
				TARGETED_DEVICE_FAMILY = "1,2";
			};
			name = Debug;
		};
		D399FED716A3BCCF00065F17 /* Release */ = {
			isa = XCBuildConfiguration;
			buildSettings = {
				ALWAYS_SEARCH_USER_PATHS = NO;
				CLANG_CXX_LANGUAGE_STANDARD = "gnu++0x";
				CLANG_CXX_LIBRARY = "libc++";
				CLANG_ENABLE_OBJC_ARC = YES;
				CLANG_WARN_EMPTY_BODY = YES;
				CLANG_WARN__DUPLICATE_METHOD_MATCH = YES;
				"CODE_SIGN_IDENTITY[sdk=iphoneos*]" = "iPhone Developer";
				COPY_PHASE_STRIP = YES;
				GCC_C_LANGUAGE_STANDARD = gnu99;
				GCC_WARN_ABOUT_RETURN_TYPE = YES;
				GCC_WARN_UNINITIALIZED_AUTOS = YES;
				GCC_WARN_UNUSED_VARIABLE = YES;
				IPHONEOS_DEPLOYMENT_TARGET = 6.0;
				OTHER_CFLAGS = "-DNS_BLOCK_ASSERTIONS=1";
				SDKROOT = iphoneos;
				TARGETED_DEVICE_FAMILY = "1,2";
				VALIDATE_PRODUCT = YES;
			};
			name = Release;
		};
		D399FED916A3BCCF00065F17 /* Debug */ = {
			isa = XCBuildConfiguration;
			buildSettings = {
				GCC_PRECOMPILE_PREFIX_HEADER = YES;
				GCC_PREFIX_HEADER = "ConsumerGB/ConsumerGB-Prefix.pch";
				INFOPLIST_FILE = "ConsumerGB/ConsumerGB-Info.plist";
				IPHONEOS_DEPLOYMENT_TARGET = 5.0;
				PRODUCT_NAME = "$(TARGET_NAME)";
				WRAPPER_EXTENSION = app;
			};
			name = Debug;
		};
		D399FEDA16A3BCCF00065F17 /* Release */ = {
			isa = XCBuildConfiguration;
			buildSettings = {
				GCC_PRECOMPILE_PREFIX_HEADER = YES;
				GCC_PREFIX_HEADER = "ConsumerGB/ConsumerGB-Prefix.pch";
				INFOPLIST_FILE = "ConsumerGB/ConsumerGB-Info.plist";
				IPHONEOS_DEPLOYMENT_TARGET = 5.0;
				PRODUCT_NAME = "$(TARGET_NAME)";
				WRAPPER_EXTENSION = app;
			};
			name = Release;
		};
/* End XCBuildConfiguration section */

/* Begin XCConfigurationList section */
		D399FEAB16A3BCCF00065F17 /* Build configuration list for PBXProject "ConsumerGB" */ = {
			isa = XCConfigurationList;
			buildConfigurations = (
				D399FED616A3BCCF00065F17 /* Debug */,
				D399FED716A3BCCF00065F17 /* Release */,
			);
			defaultConfigurationIsVisible = 0;
			defaultConfigurationName = Release;
		};
		D399FED816A3BCCF00065F17 /* Build configuration list for PBXNativeTarget "ConsumerGB" */ = {
			isa = XCConfigurationList;
			buildConfigurations = (
				D399FED916A3BCCF00065F17 /* Debug */,
				D399FEDA16A3BCCF00065F17 /* Release */,
			);
			defaultConfigurationIsVisible = 0;
			defaultConfigurationName = Release;
		};
/* End XCConfigurationList section */
	};
	rootObject = D399FEA816A3BCCF00065F17 /* Project object */;
}
